
Microsoft Visual Studio Solution File, Format Version 12.00
# Visual Studio Version 16
VisualStudioVersion = 16.0.32228.343
MinimumVisualStudioVersion = 10.0.40219.1
Project("{888888A0-9F3D-457C-B088-3A5042F75D52}") = "Hydropower Flexibility Valuation Tool", "Hydropower Flexibility Valuation Tool.pyproj", "{22846C91-97CA-499A-9EA5-8B3D38437B28}"
EndProject
Global
	GlobalSection(SolutionConfigurationPlatforms) = preSolution
		Debug|Any CPU = Debug|Any CPU
		Release|Any CPU = Release|Any CPU
	EndGlobalSection
	GlobalSection(ProjectConfigurationPlatforms) = postSolution
		{22846C91-97CA-499A-9EA5-8B3D38437B28}.Debug|Any CPU.ActiveCfg = Debug|Any CPU
		{22846C91-97CA-499A-9EA5-8B3D38437B28}.Release|Any CPU.ActiveCfg = Release|Any CPU
	EndGlobalSection
	GlobalSection(SolutionProperties) = preSolution
		HideSolutionNode = FALSE
	EndGlobalSection
	GlobalSection(ExtensibilityGlobals) = postSolution
		SolutionGuid = {1EA1CC33-C677-487A-80F7-EC8079E8887D}
	EndGlobalSection
EndGlobal
